{
  "version": 4,
  "terraform_version": "1.8.0",
  "serial": 3,
  "lineage": "81bb0ea2-e2b2-c63a-0fbd-d2117d31ee08",
  "outputs": {
    "subnet_file_path": {
      "value": "./subnets.txt",
      "type": "string"
    }
  },
  "resources": [
    {
      "mode": "managed",
      "type": "local_file",
      "name": "subnet_file",
      "provider": "provider[\"registry.terraform.io/hashicorp/local\"]",
      "instances": [
        {
          "schema_version": 0,
          "attributes": {
            "content": "192.168.10.0/24\n192.168.11.0/24\n192.168.12.0/24",
            "content_base64": null,
            "content_base64sha256": "O3K9h/26XTZV3+h3vyjDJ4TC0thiqIU+7P2o/AQR/kk=",
            "content_base64sha512": "ZzXlRI0qzSedlWooSFCMRi47ge2VjXd3s9zs6U2Dz+4GhI3rs1RxaoqZXFSaZABXE8IPT5w9AoBmo9aKbXn+KA==",
            "content_md5": "a107e9112b3c3591bcc092c69f8e31de",
            "content_sha1": "d4bf9b361b8de0afde92f64306c4c55f067a3117",
            "content_sha256": "3b72bd87fdba5d3655dfe877bf28c32784c2d2d862a8853eecfda8fc0411fe49",
            "content_sha512": "6735e5448d2acd279d956a2848508c462e3b81ed958d7777b3dcece94d83cfee06848debb354716a8a995c549a64005713c20f4f9c3d028066a3d68a6d79fe28",
            "directory_permission": "0777",
            "file_permission": "0777",
            "filename": "./subnets.txt",
            "id": "d4bf9b361b8de0afde92f64306c4c55f067a3117",
            "sensitive_content": null,
            "source": null
          },
          "sensitive_attributes": [
            [
              {
                "type": "get_attr",
                "value": "sensitive_content"
              }
            ]
          ],
          "dependencies": [
            "random_integer.subnet_count"
          ]
        }
      ]
    },
    {
      "mode": "managed",
      "type": "random_integer",
      "name": "subnet_count",
      "provider": "provider[\"registry.terraform.io/hashicorp/random\"]",
      "instances": [
        {
          "schema_version": 0,
          "attributes": {
            "id": "3",
            "keepers": null,
            "max": 5,
            "min": 1,
            "result": 3,
            "seed": null
          },
          "sensitive_attributes": []
        }
      ]
    }
  ],
  "check_results": null
}
