{
  "version": 4,
  "terraform_version": "1.8.0",
  "serial": 3,
  "lineage": "8bf6dc0d-4ca6-ebd5-40c8-df4dfcd01751",
  "outputs": {},
  "resources": [
    {
      "mode": "managed",
      "type": "local_file",
      "name": "file_random-name",
      "provider": "provider[\"registry.terraform.io/hashicorp/local\"]",
      "instances": [
        {
          "schema_version": 0,
          "attributes": {
            "content": "Random generated name:",
            "content_base64": null,
            "content_base64sha256": "Lua3KKFzhhggA2riNeOfvdg3sUVfqbRUMDQKAm29k+I=",
            "content_base64sha512": "OByYnrnzzPmaI337VQGHarjQ/hjX4tOnkhIIhN3/xyBK2owXMzxFqXbmjfEsJC9fJIZi6jGXnEyYgvbQikDKZQ==",
            "content_md5": "f280304c7da27ab9e17e3708000bd705",
            "content_sha1": "3795e9843a7de7ee1c76277cec7691daae04fa5e",
            "content_sha256": "2ee6b728a173861820036ae235e39fbdd837b1455fa9b45430340a026dbd93e2",
            "content_sha512": "381c989eb9f3ccf99a237dfb5501876ab8d0fe18d7e2d3a792120884ddffc7204ada8c17333c45a976e68df12c242f5f248662ea31979c4c9882f6d08a40ca65",
            "directory_permission": "0777",
            "file_permission": "0777",
            "filename": "./zj2r93ssab.txt",
            "id": "3795e9843a7de7ee1c76277cec7691daae04fa5e",
            "sensitive_content": null,
            "source": null
          },
          "sensitive_attributes": [
            [
              {
                "type": "get_attr",
                "value": "sensitive_content"
              }
            ]
          ],
          "dependencies": [
            "random_string.random_id"
          ]
        }
      ]
    },
    {
      "mode": "managed",
      "type": "random_string",
      "name": "random_id",
      "provider": "provider[\"registry.terraform.io/hashicorp/random\"]",
      "instances": [
        {
          "schema_version": 2,
          "attributes": {
            "id": "zj2r93ssab",
            "keepers": null,
            "length": 10,
            "lower": true,
            "min_lower": 0,
            "min_numeric": 0,
            "min_special": 0,
            "min_upper": 0,
            "number": true,
            "numeric": true,
            "override_special": null,
            "result": "zj2r93ssab",
            "special": false,
            "upper": false
          },
          "sensitive_attributes": []
        }
      ]
    }
  ],
  "check_results": null
}
